{
    "_readme": [
        "This file locks the dependencies of your project to a known state",
        "Read more about it at https://getcomposer.org/doc/01-basic-usage.md#composer-lock-the-lock-file",
        "This file is @generated automatically"
    ],
    "hash": "11f651c8df0137dac7794cde56ee284b",
    "content-hash": "033d0362797b0ee304697b755c88e9ce",
    "packages": [
        {
            "name": "issei-m/spike-php",
            "version": "dev-master",
            "source": {
                "type": "git",
                "url": "https://github.com/issei-m/spike-php.git",
                "reference": "61ac8185a0207a1548b3575ad1260f651506a0b1"
            },
            "dist": {
                "type": "zip",
                "url": "https://api.github.com/repos/issei-m/spike-php/zipball/61ac8185a0207a1548b3575ad1260f651506a0b1",
                "reference": "61ac8185a0207a1548b3575ad1260f651506a0b1",
                "shasum": ""
            },
            "require": {
                "php": ">= 5.4"
            },
            "require-dev": {
                "guzzlehttp/guzzle": "~4.0",
                "phpunit/phpunit": "~4.4",
                "symfony/var-dumper": "~2.6"
            },
            "suggest": {
                "guzzlehttp/guzzle": "Allows for implementation of the Guzzle ~4.0 HTTP client"
            },
            "type": "library",
            "extra": {
                "branch-alias": {
                    "dev-master": "1.0-dev"
                }
            },
            "autoload": {
                "psr-4": {
                    "Issei\\Spike\\": "src/"
                }
            },
            "notification-url": "https://packagist.org/downloads/",
            "license": [
                "MIT"
            ],
            "authors": [
                {
                    "name": "Issei Murasawa",
                    "email": "issei.m7@gmail.com"
                }
            ],
            "description": "The client of https://spike.cc REST api for PHP.",
            "keywords": [
                "payments",
                "rest",
                "spike",
                "spike.cc"
            ],
            "time": "2015-12-07 14:04:22"
        }
    ],
    "packages-dev": [],
    "aliases": [],
    "minimum-stability": "stable",
    "stability-flags": {
        "issei-m/spike-php": 20
    },
    "prefer-stable": false,
    "prefer-lowest": false,
    "platform": [],
    "platform-dev": []
}
